
Microsoft Visual Studio Solution File, Format Version 12.00
# Visual Studio Version 17
VisualStudioVersion = 17.0.31903.59
MinimumVisualStudioVersion = 10.0.40219.1
Project("{FAE04EC0-301F-11D3-BF4B-00C04F79EFBC}") = "McpServer", "McpServer\McpServer.csproj", "{0BE106F4-0DD4-4ACB-9B5D-E34E2D0B3866}"
EndProject
Project("{FAE04EC0-301F-11D3-BF4B-00C04F79EFBC}") = "SemanticKernelChat", "SemanticKernelChat\SemanticKernelChat.csproj", "{E0DD74D0-501D-4EEC-AC99-1C0339C50056}"
EndProject
Project("{FAE04EC0-301F-11D3-BF4B-00C04F79EFBC}") = "ConsoleChat.Tests", "ConsoleChat.Tests\ConsoleChat.Tests.csproj", "{EEA2F736-6CD7-4D8F-8A68-15C66C7E76AE}"
EndProject
Project("{FAE04EC0-301F-11D3-BF4B-00C04F79EFBC}") = "RaindropServer", "RaindropServer\RaindropServer.csproj", "{E78AA48A-7C6E-46D7-88AC-2ACB482FDB04}"
EndProject
Project("{FAE04EC0-301F-11D3-BF4B-00C04F79EFBC}") = "RaindropServer.Tests", "RaindropServer.Tests\RaindropServer.Tests.csproj", "{B75BB13B-2CA5-462E-90FA-9C98957ED7F4}"
EndProject
Global
	GlobalSection(SolutionConfigurationPlatforms) = preSolution
		Debug|Any CPU = Debug|Any CPU
		Release|Any CPU = Release|Any CPU
	EndGlobalSection
	GlobalSection(ProjectConfigurationPlatforms) = postSolution
		{0BE106F4-0DD4-4ACB-9B5D-E34E2D0B3866}.Debug|Any CPU.ActiveCfg = Debug|Any CPU
		{0BE106F4-0DD4-4ACB-9B5D-E34E2D0B3866}.Debug|Any CPU.Build.0 = Debug|Any CPU
		{0BE106F4-0DD4-4ACB-9B5D-E34E2D0B3866}.Release|Any CPU.ActiveCfg = Release|Any CPU
		{0BE106F4-0DD4-4ACB-9B5D-E34E2D0B3866}.Release|Any CPU.Build.0 = Release|Any CPU
		{E0DD74D0-501D-4EEC-AC99-1C0339C50056}.Debug|Any CPU.ActiveCfg = Debug|Any CPU
		{E0DD74D0-501D-4EEC-AC99-1C0339C50056}.Debug|Any CPU.Build.0 = Debug|Any CPU
		{E0DD74D0-501D-4EEC-AC99-1C0339C50056}.Release|Any CPU.ActiveCfg = Release|Any CPU
		{E0DD74D0-501D-4EEC-AC99-1C0339C50056}.Release|Any CPU.Build.0 = Release|Any CPU
		{EEA2F736-6CD7-4D8F-8A68-15C66C7E76AE}.Debug|Any CPU.ActiveCfg = Debug|Any CPU
		{EEA2F736-6CD7-4D8F-8A68-15C66C7E76AE}.Debug|Any CPU.Build.0 = Debug|Any CPU
		{EEA2F736-6CD7-4D8F-8A68-15C66C7E76AE}.Release|Any CPU.ActiveCfg = Release|Any CPU
		{EEA2F736-6CD7-4D8F-8A68-15C66C7E76AE}.Release|Any CPU.Build.0 = Release|Any CPU
		{E78AA48A-7C6E-46D7-88AC-2ACB482FDB04}.Debug|Any CPU.ActiveCfg = Debug|Any CPU
		{E78AA48A-7C6E-46D7-88AC-2ACB482FDB04}.Debug|Any CPU.Build.0 = Debug|Any CPU
		{E78AA48A-7C6E-46D7-88AC-2ACB482FDB04}.Release|Any CPU.ActiveCfg = Release|Any CPU
		{E78AA48A-7C6E-46D7-88AC-2ACB482FDB04}.Release|Any CPU.Build.0 = Release|Any CPU
		{B75BB13B-2CA5-462E-90FA-9C98957ED7F4}.Debug|Any CPU.ActiveCfg = Debug|Any CPU
		{B75BB13B-2CA5-462E-90FA-9C98957ED7F4}.Debug|Any CPU.Build.0 = Debug|Any CPU
		{B75BB13B-2CA5-462E-90FA-9C98957ED7F4}.Release|Any CPU.ActiveCfg = Release|Any CPU
		{B75BB13B-2CA5-462E-90FA-9C98957ED7F4}.Release|Any CPU.Build.0 = Release|Any CPU
	EndGlobalSection
	GlobalSection(SolutionProperties) = preSolution
		HideSolutionNode = FALSE
	EndGlobalSection
EndGlobal
